
Microsoft Visual Studio Solution File, Format Version 12.00
# Visual Studio 15
VisualStudioVersion = 15.0.28307.902
MinimumVisualStudioVersion = 10.0.40219.1
Project("{FAE04EC0-301F-11D3-BF4B-00C04F79EFBC}") = "JWTAuthorization", "JWTAuthorization\JWTAuthorization.csproj", "{4F64D60D-4A40-4121-B7D0-F1FD39819ED8}"
EndProject
Global
	GlobalSection(SolutionConfigurationPlatforms) = preSolution
		Debug|Any CPU = Debug|Any CPU
		Release|Any CPU = Release|Any CPU
	EndGlobalSection
	GlobalSection(ProjectConfigurationPlatforms) = postSolution
		{4F64D60D-4A40-4121-B7D0-F1FD39819ED8}.Debug|Any CPU.ActiveCfg = Debug|Any CPU
		{4F64D60D-4A40-4121-B7D0-F1FD39819ED8}.Debug|Any CPU.Build.0 = Debug|Any CPU
		{4F64D60D-4A40-4121-B7D0-F1FD39819ED8}.Release|Any CPU.ActiveCfg = Release|Any CPU
		{4F64D60D-4A40-4121-B7D0-F1FD39819ED8}.Release|Any CPU.Build.0 = Release|Any CPU
	EndGlobalSection
	GlobalSection(SolutionProperties) = preSolution
		HideSolutionNode = FALSE
	EndGlobalSection
	GlobalSection(ExtensibilityGlobals) = postSolution
		SolutionGuid = {19C7F8E9-3233-4602-985D-018EB7AD31B6}
	EndGlobalSection
EndGlobal
